
Microsoft Visual Studio Solution File, Format Version 12.00
# Visual Studio 2012
Project("{00D1A9C2-B5F0-4AF3-8072-F6C62B433612}") = "AOM_DB", "AOM_DB\AOM_DB.sqlproj", "{264FB46C-3EE3-4CCB-9CB6-D56E3B74B22A}"
EndProject
Global
	GlobalSection(SolutionConfigurationPlatforms) = preSolution
		Debug|Any CPU = Debug|Any CPU
		Release|Any CPU = Release|Any CPU
	EndGlobalSection
	GlobalSection(ProjectConfigurationPlatforms) = postSolution
		{264FB46C-3EE3-4CCB-9CB6-D56E3B74B22A}.Debug|Any CPU.ActiveCfg = Debug|Any CPU
		{264FB46C-3EE3-4CCB-9CB6-D56E3B74B22A}.Debug|Any CPU.Build.0 = Debug|Any CPU
		{264FB46C-3EE3-4CCB-9CB6-D56E3B74B22A}.Debug|Any CPU.Deploy.0 = Debug|Any CPU
		{264FB46C-3EE3-4CCB-9CB6-D56E3B74B22A}.Release|Any CPU.ActiveCfg = Release|Any CPU
		{264FB46C-3EE3-4CCB-9CB6-D56E3B74B22A}.Release|Any CPU.Build.0 = Release|Any CPU
		{264FB46C-3EE3-4CCB-9CB6-D56E3B74B22A}.Release|Any CPU.Deploy.0 = Release|Any CPU
	EndGlobalSection
	GlobalSection(SolutionProperties) = preSolution
		HideSolutionNode = FALSE
	EndGlobalSection
EndGlobal
